
Microsoft Visual Studio Solution File, Format Version 12.00
# Visual Studio Version 17
VisualStudioVersion = 17.13.35825.156
MinimumVisualStudioVersion = 10.0.40219.1
Project("{FAE04EC0-301F-11D3-BF4B-00C04F79EFBC}") = "PCParts.API", "src\PCParts.API\PCParts.API.csproj", "{3E8DC16D-6188-40E8-9E70-F47E93341B95}"
EndProject
Project("{FAE04EC0-301F-11D3-BF4B-00C04F79EFBC}") = "PCParts.Storage", "src\PCParts.Storage\PCParts.Storage.csproj", "{B66A1129-4E6B-4053-89DE-FED4B960C88F}"
EndProject
Project("{FAE04EC0-301F-11D3-BF4B-00C04F79EFBC}") = "PCParts.Application", "src\PCParts.Application\PCParts.Application.csproj", "{7E695ABD-24C0-4158-B22E-97A4184A215A}"
EndProject
Project("{FAE04EC0-301F-11D3-BF4B-00C04F79EFBC}") = "PCParts.Application.Tests", "tests\PCParts.Application.Tests\PCParts.Application.Tests.csproj", "{850DE3DB-5853-C2AC-E5DB-48967A95F9E0}"
EndProject
Project("{FAE04EC0-301F-11D3-BF4B-00C04F79EFBC}") = "PCParts.API.Tests", "tests\PCParts.Storage.Tests\PCParts.API.Tests.csproj", "{0D7B96E3-4666-C0DF-9A85-2D355F942509}"
EndProject
Project("{FAE04EC0-301F-11D3-BF4B-00C04F79EFBC}") = "PCParts.DependencyInjection", "src\PCParts.DependencyInjection\PCParts.DependencyInjection.csproj", "{05E75F50-FFCA-1DA6-9CD9-719C06AFC96D}"
EndProject
Project("{FAE04EC0-301F-11D3-BF4B-00C04F79EFBC}") = "PCParts.Domain", "src\PCParts.Domain\PCParts.Domain.csproj", "{CF1DD50C-E83C-6093-F66C-080527D4C5B1}"
EndProject
Project("{E53339B2-1760-4266-BCC7-CA923CBCF16C}") = "docker-compose", "solution-item\docker\docker-compose.dcproj", "{81DDED9D-158B-E303-5F62-77A2896D2A5A}"
EndProject
Project("{FAE04EC0-301F-11D3-BF4B-00C04F79EFBC}") = "PCParts.Notifications", "src\PCParts.Notifications\PCParts.Notifications.csproj", "{19A04996-24F9-4A04-89BE-8E7D214FD28A}"
EndProject
Project("{2150E333-8FDC-42A3-9474-1A3956D46DE8}") = "solution-item", "solution-item", "{02EA681E-C7D8-13C7-8484-4AC65E1B71E8}"
EndProject
Project("{2150E333-8FDC-42A3-9474-1A3956D46DE8}") = "src", "src", "{1DEBCAB9-5C5F-4185-9ABB-876091B5CB1D}"
EndProject
Project("{2150E333-8FDC-42A3-9474-1A3956D46DE8}") = "tests", "tests", "{3587E4AB-6431-43B5-80EF-38E465F863AF}"
EndProject
Project("{2150E333-8FDC-42A3-9474-1A3956D46DE8}") = "gitlab", "gitlab", "{964E64E3-EF7D-4C12-9A66-5435E77CCCAB}"
	ProjectSection(SolutionItems) = preProject
		solution-item\gitlab\docker-compose.yml = solution-item\gitlab\docker-compose.yml
		solution-item\gitlab\runner-config.toml = solution-item\gitlab\runner-config.toml
	EndProjectSection
EndProject
Project("{2150E333-8FDC-42A3-9474-1A3956D46DE8}") = "env", "env", "{352EF0DA-6F2F-4A3E-A628-16D4E6AFB719}"
	ProjectSection(SolutionItems) = preProject
		solution-item\env\backend.env = solution-item\env\backend.env
		solution-item\env\example.env = solution-item\env\example.env
	EndProjectSection
EndProject
Project("{2150E333-8FDC-42A3-9474-1A3956D46DE8}") = "grafana", "grafana", "{7DB97E1A-0AF3-42DE-A284-595BB32B19F4}"
	ProjectSection(SolutionItems) = preProject
		solution-item\grafana\loki-config.yaml = solution-item\grafana\loki-config.yaml
	EndProjectSection
EndProject
Project("{FAE04EC0-301F-11D3-BF4B-00C04F79EFBC}") = "PCParts.Storage.Tests", "src\PCParts.Storage.Tests\PCParts.Storage.Tests.csproj", "{68397835-C66B-EB85-12CE-B69D203B4399}"
EndProject
Global
	GlobalSection(SolutionConfigurationPlatforms) = preSolution
		Debug|Any CPU = Debug|Any CPU
		Release|Any CPU = Release|Any CPU
	EndGlobalSection
	GlobalSection(ProjectConfigurationPlatforms) = postSolution
		{3E8DC16D-6188-40E8-9E70-F47E93341B95}.Debug|Any CPU.ActiveCfg = Debug|Any CPU
		{3E8DC16D-6188-40E8-9E70-F47E93341B95}.Debug|Any CPU.Build.0 = Debug|Any CPU
		{3E8DC16D-6188-40E8-9E70-F47E93341B95}.Release|Any CPU.ActiveCfg = Release|Any CPU
		{3E8DC16D-6188-40E8-9E70-F47E93341B95}.Release|Any CPU.Build.0 = Release|Any CPU
		{B66A1129-4E6B-4053-89DE-FED4B960C88F}.Debug|Any CPU.ActiveCfg = Debug|Any CPU
		{B66A1129-4E6B-4053-89DE-FED4B960C88F}.Debug|Any CPU.Build.0 = Debug|Any CPU
		{B66A1129-4E6B-4053-89DE-FED4B960C88F}.Release|Any CPU.ActiveCfg = Release|Any CPU
		{B66A1129-4E6B-4053-89DE-FED4B960C88F}.Release|Any CPU.Build.0 = Release|Any CPU
		{7E695ABD-24C0-4158-B22E-97A4184A215A}.Debug|Any CPU.ActiveCfg = Debug|Any CPU
		{7E695ABD-24C0-4158-B22E-97A4184A215A}.Debug|Any CPU.Build.0 = Debug|Any CPU
		{7E695ABD-24C0-4158-B22E-97A4184A215A}.Release|Any CPU.ActiveCfg = Release|Any CPU
		{7E695ABD-24C0-4158-B22E-97A4184A215A}.Release|Any CPU.Build.0 = Release|Any CPU
		{850DE3DB-5853-C2AC-E5DB-48967A95F9E0}.Debug|Any CPU.ActiveCfg = Debug|Any CPU
		{850DE3DB-5853-C2AC-E5DB-48967A95F9E0}.Debug|Any CPU.Build.0 = Debug|Any CPU
		{850DE3DB-5853-C2AC-E5DB-48967A95F9E0}.Release|Any CPU.ActiveCfg = Release|Any CPU
		{850DE3DB-5853-C2AC-E5DB-48967A95F9E0}.Release|Any CPU.Build.0 = Release|Any CPU
		{0D7B96E3-4666-C0DF-9A85-2D355F942509}.Debug|Any CPU.ActiveCfg = Debug|Any CPU
		{0D7B96E3-4666-C0DF-9A85-2D355F942509}.Debug|Any CPU.Build.0 = Debug|Any CPU
		{0D7B96E3-4666-C0DF-9A85-2D355F942509}.Release|Any CPU.ActiveCfg = Release|Any CPU
		{0D7B96E3-4666-C0DF-9A85-2D355F942509}.Release|Any CPU.Build.0 = Release|Any CPU
		{05E75F50-FFCA-1DA6-9CD9-719C06AFC96D}.Debug|Any CPU.ActiveCfg = Debug|Any CPU
		{05E75F50-FFCA-1DA6-9CD9-719C06AFC96D}.Debug|Any CPU.Build.0 = Debug|Any CPU
		{05E75F50-FFCA-1DA6-9CD9-719C06AFC96D}.Release|Any CPU.ActiveCfg = Release|Any CPU
		{05E75F50-FFCA-1DA6-9CD9-719C06AFC96D}.Release|Any CPU.Build.0 = Release|Any CPU
		{CF1DD50C-E83C-6093-F66C-080527D4C5B1}.Debug|Any CPU.ActiveCfg = Debug|Any CPU
		{CF1DD50C-E83C-6093-F66C-080527D4C5B1}.Debug|Any CPU.Build.0 = Debug|Any CPU
		{CF1DD50C-E83C-6093-F66C-080527D4C5B1}.Release|Any CPU.ActiveCfg = Release|Any CPU
		{CF1DD50C-E83C-6093-F66C-080527D4C5B1}.Release|Any CPU.Build.0 = Release|Any CPU
		{81DDED9D-158B-E303-5F62-77A2896D2A5A}.Debug|Any CPU.ActiveCfg = Debug|Any CPU
		{81DDED9D-158B-E303-5F62-77A2896D2A5A}.Debug|Any CPU.Build.0 = Debug|Any CPU
		{81DDED9D-158B-E303-5F62-77A2896D2A5A}.Release|Any CPU.ActiveCfg = Release|Any CPU
		{81DDED9D-158B-E303-5F62-77A2896D2A5A}.Release|Any CPU.Build.0 = Release|Any CPU
		{19A04996-24F9-4A04-89BE-8E7D214FD28A}.Debug|Any CPU.ActiveCfg = Debug|Any CPU
		{19A04996-24F9-4A04-89BE-8E7D214FD28A}.Debug|Any CPU.Build.0 = Debug|Any CPU
		{19A04996-24F9-4A04-89BE-8E7D214FD28A}.Release|Any CPU.ActiveCfg = Release|Any CPU
		{19A04996-24F9-4A04-89BE-8E7D214FD28A}.Release|Any CPU.Build.0 = Release|Any CPU
		{68397835-C66B-EB85-12CE-B69D203B4399}.Debug|Any CPU.ActiveCfg = Debug|Any CPU
		{68397835-C66B-EB85-12CE-B69D203B4399}.Debug|Any CPU.Build.0 = Debug|Any CPU
		{68397835-C66B-EB85-12CE-B69D203B4399}.Release|Any CPU.ActiveCfg = Release|Any CPU
		{68397835-C66B-EB85-12CE-B69D203B4399}.Release|Any CPU.Build.0 = Release|Any CPU
	EndGlobalSection
	GlobalSection(SolutionProperties) = preSolution
		HideSolutionNode = FALSE
	EndGlobalSection
	GlobalSection(NestedProjects) = preSolution
		{3E8DC16D-6188-40E8-9E70-F47E93341B95} = {1DEBCAB9-5C5F-4185-9ABB-876091B5CB1D}
		{B66A1129-4E6B-4053-89DE-FED4B960C88F} = {1DEBCAB9-5C5F-4185-9ABB-876091B5CB1D}
		{7E695ABD-24C0-4158-B22E-97A4184A215A} = {1DEBCAB9-5C5F-4185-9ABB-876091B5CB1D}
		{850DE3DB-5853-C2AC-E5DB-48967A95F9E0} = {3587E4AB-6431-43B5-80EF-38E465F863AF}
		{0D7B96E3-4666-C0DF-9A85-2D355F942509} = {3587E4AB-6431-43B5-80EF-38E465F863AF}
		{05E75F50-FFCA-1DA6-9CD9-719C06AFC96D} = {1DEBCAB9-5C5F-4185-9ABB-876091B5CB1D}
		{CF1DD50C-E83C-6093-F66C-080527D4C5B1} = {1DEBCAB9-5C5F-4185-9ABB-876091B5CB1D}
		{81DDED9D-158B-E303-5F62-77A2896D2A5A} = {1DEBCAB9-5C5F-4185-9ABB-876091B5CB1D}
		{19A04996-24F9-4A04-89BE-8E7D214FD28A} = {1DEBCAB9-5C5F-4185-9ABB-876091B5CB1D}
		{964E64E3-EF7D-4C12-9A66-5435E77CCCAB} = {02EA681E-C7D8-13C7-8484-4AC65E1B71E8}
		{352EF0DA-6F2F-4A3E-A628-16D4E6AFB719} = {02EA681E-C7D8-13C7-8484-4AC65E1B71E8}
		{7DB97E1A-0AF3-42DE-A284-595BB32B19F4} = {02EA681E-C7D8-13C7-8484-4AC65E1B71E8}
		{68397835-C66B-EB85-12CE-B69D203B4399} = {3587E4AB-6431-43B5-80EF-38E465F863AF}
	EndGlobalSection
	GlobalSection(ExtensibilityGlobals) = postSolution
		SolutionGuid = {4AD82AB7-213E-4321-8C84-4A4DBEDADD03}
	EndGlobalSection
EndGlobal
